
Microsoft Visual Studio Solution File, Format Version 12.00
# Visual Studio Version 17
VisualStudioVersion = 17.8.34330.188
MinimumVisualStudioVersion = 10.0.40219.1
Project("{FAE04EC0-301F-11D3-BF4B-00C04F79EFBC}") = "WindowsPracticalFunctions", "WindowsPracticalFunctions\WindowsPracticalFunctions.csproj", "{743A458C-E389-479C-8A4D-03F2FCD98100}"
EndProject
Global
	GlobalSection(SolutionConfigurationPlatforms) = preSolution
		Debug|Any CPU = Debug|Any CPU
		Release|Any CPU = Release|Any CPU
	EndGlobalSection
	GlobalSection(ProjectConfigurationPlatforms) = postSolution
		{743A458C-E389-479C-8A4D-03F2FCD98100}.Debug|Any CPU.ActiveCfg = Debug|Any CPU
		{743A458C-E389-479C-8A4D-03F2FCD98100}.Debug|Any CPU.Build.0 = Debug|Any CPU
		{743A458C-E389-479C-8A4D-03F2FCD98100}.Release|Any CPU.ActiveCfg = Release|Any CPU
		{743A458C-E389-479C-8A4D-03F2FCD98100}.Release|Any CPU.Build.0 = Release|Any CPU
	EndGlobalSection
	GlobalSection(SolutionProperties) = preSolution
		HideSolutionNode = FALSE
	EndGlobalSection
	GlobalSection(ExtensibilityGlobals) = postSolution
		SolutionGuid = {E357F6D9-B6FB-4300-B0FC-498EE122E2AB}
	EndGlobalSection
EndGlobal
